// !$*UTF8*$!
{
	archiveVersion = 1;
	classes = {
	};
	objectVersion = 50;
	objects = {

/* Begin PBXBuildFile section */
		052F199F250052FD00847BBF /* NoteTaker.xcdatamodeld in Sources */ = {isa = PBXBuildFile; fileRef = 052F199D250052FD00847BBF /* NoteTaker.xcdatamodeld */; };
		05BF9DD82500115800641427 /* AppDelegate.swift in Sources */ = {isa = PBXBuildFile; fileRef = 05BF9DD72500115800641427 /* AppDelegate.swift */; };
		05BF9DDA2500115800641427 /* SceneDelegate.swift in Sources */ = {isa = PBXBuildFile; fileRef = 05BF9DD92500115800641427 /* SceneDelegate.swift */; };
		05BF9DDC2500115800641427 /* ViewController.swift in Sources */ = {isa = PBXBuildFile; fileRef = 05BF9DDB2500115800641427 /* ViewController.swift */; };
		05BF9DDF2500115800641427 /* Main.storyboard in Resources */ = {isa = PBXBuildFile; fileRef = 05BF9DDD2500115800641427 /* Main.storyboard */; };
		05BF9DE12500115B00641427 /* Assets.xcassets in Resources */ = {isa = PBXBuildFile; fileRef = 05BF9DE02500115B00641427 /* Assets.xcassets */; };
		05BF9DE42500115B00641427 /* LaunchScreen.storyboard in Resources */ = {isa = PBXBuildFile; fileRef = 05BF9DE22500115B00641427 /* LaunchScreen.storyboard */; };
		05CE01B425018E7A003260CD /* NoteViewController.swift in Sources */ = {isa = PBXBuildFile; fileRef = 05CE01B325018E7A003260CD /* NoteViewController.swift */; };
		05CE01B72501C1FF003260CD /* Note+CoreDataClass.swift in Sources */ = {isa = PBXBuildFile; fileRef = 05CE01B52501C1FF003260CD /* Note+CoreDataClass.swift */; };
		05CE01B82501C1FF003260CD /* Note+CoreDataProperties.swift in Sources */ = {isa = PBXBuildFile; fileRef = 05CE01B62501C1FF003260CD /* Note+CoreDataProperties.swift */; };
/* End PBXBuildFile section */

/* Begin PBXFileReference section */
		052F199E250052FD00847BBF /* NoteTaker.xcdatamodel */ = {isa = PBXFileReference; lastKnownFileType = wrapper.xcdatamodel; path = NoteTaker.xcdatamodel; sourceTree = "<group>"; };
		05BF9DD42500115800641427 /* Note Taker.app */ = {isa = PBXFileReference; explicitFileType = wrapper.application; includeInIndex = 0; path = "Note Taker.app"; sourceTree = BUILT_PRODUCTS_DIR; };
		05BF9DD72500115800641427 /* AppDelegate.swift */ = {isa = PBXFileReference; lastKnownFileType = sourcecode.swift; path = AppDelegate.swift; sourceTree = "<group>"; };
		05BF9DD92500115800641427 /* SceneDelegate.swift */ = {isa = PBXFileReference; lastKnownFileType = sourcecode.swift; path = SceneDelegate.swift; sourceTree = "<group>"; };
		05BF9DDB2500115800641427 /* ViewController.swift */ = {isa = PBXFileReference; lastKnownFileType = sourcecode.swift; path = ViewController.swift; sourceTree = "<group>"; };
		05BF9DDE2500115800641427 /* Base */ = {isa = PBXFileReference; lastKnownFileType = file.storyboard; name = Base; path = Base.lproj/Main.storyboard; sourceTree = "<group>"; };
		05BF9DE02500115B00641427 /* Assets.xcassets */ = {isa = PBXFileReference; lastKnownFileType = folder.assetcatalog; path = Assets.xcassets; sourceTree = "<group>"; };
		05BF9DE32500115B00641427 /* Base */ = {isa = PBXFileReference; lastKnownFileType = file.storyboard; name = Base; path = Base.lproj/LaunchScreen.storyboard; sourceTree = "<group>"; };
		05BF9DE52500115B00641427 /* Info.plist */ = {isa = PBXFileReference; lastKnownFileType = text.plist.xml; path = Info.plist; sourceTree = "<group>"; };
		05CE01B325018E7A003260CD /* NoteViewController.swift */ = {isa = PBXFileReference; lastKnownFileType = sourcecode.swift; path = NoteViewController.swift; sourceTree = "<group>"; };
		05CE01B52501C1FF003260CD /* Note+CoreDataClass.swift */ = {isa = PBXFileReference; lastKnownFileType = sourcecode.swift; path = "Note+CoreDataClass.swift"; sourceTree = "<group>"; };
		05CE01B62501C1FF003260CD /* Note+CoreDataProperties.swift */ = {isa = PBXFileReference; lastKnownFileType = sourcecode.swift; path = "Note+CoreDataProperties.swift"; sourceTree = "<group>"; };
/* End PBXFileReference section */

/* Begin PBXFrameworksBuildPhase section */
		05BF9DD12500115800641427 /* Frameworks */ = {
			isa = PBXFrameworksBuildPhase;
			buildActionMask = 2147483647;
			files = (
			);
			runOnlyForDeploymentPostprocessing = 0;
		};
/* End PBXFrameworksBuildPhase section */

/* Begin PBXGroup section */
		052F19C72500542B00847BBF /* Model */ = {
			isa = PBXGroup;
			children = (
				05CE01B52501C1FF003260CD /* Note+CoreDataClass.swift */,
				05CE01B62501C1FF003260CD /* Note+CoreDataProperties.swift */,
			);
			path = Model;
			sourceTree = "<group>";
		};
		05BF9DCB2500115800641427 = {
			isa = PBXGroup;
			children = (
				05BF9DD62500115800641427 /* Note Taker */,
				05BF9DD52500115800641427 /* Products */,
			);
			sourceTree = "<group>";
		};
		05BF9DD52500115800641427 /* Products */ = {
			isa = PBXGroup;
			children = (
				05BF9DD42500115800641427 /* Note Taker.app */,
			);
			name = Products;
			sourceTree = "<group>";
		};
		05BF9DD62500115800641427 /* Note Taker */ = {
			isa = PBXGroup;
			children = (
				052F19C72500542B00847BBF /* Model */,
				05BF9DD72500115800641427 /* AppDelegate.swift */,
				05BF9DD92500115800641427 /* SceneDelegate.swift */,
				05BF9DDB2500115800641427 /* ViewController.swift */,
				05BF9DDD2500115800641427 /* Main.storyboard */,
				05BF9DE02500115B00641427 /* Assets.xcassets */,
				05BF9DE22500115B00641427 /* LaunchScreen.storyboard */,
				05BF9DE52500115B00641427 /* Info.plist */,
				052F199D250052FD00847BBF /* NoteTaker.xcdatamodeld */,
				05CE01B325018E7A003260CD /* NoteViewController.swift */,
			);
			path = "Note Taker";
			sourceTree = "<group>";
		};
/* End PBXGroup section */

/* Begin PBXNativeTarget section */
		05BF9DD32500115800641427 /* Note Taker */ = {
			isa = PBXNativeTarget;
			buildConfigurationList = 05BF9DE82500115B00641427 /* Build configuration list for PBXNativeTarget "Note Taker" */;
			buildPhases = (
				05BF9DD02500115800641427 /* Sources */,
				05BF9DD12500115800641427 /* Frameworks */,
				05BF9DD22500115800641427 /* Resources */,
			);
			buildRules = (
			);
			dependencies = (
			);
			name = "Note Taker";
			productName = "Note Taker";
			productReference = 05BF9DD42500115800641427 /* Note Taker.app */;
			productType = "com.apple.product-type.application";
		};
/* End PBXNativeTarget section */

/* Begin PBXProject section */
		05BF9DCC2500115800641427 /* Project object */ = {
			isa = PBXProject;
			attributes = {
				LastSwiftUpdateCheck = 1160;
				LastUpgradeCheck = 1200;
				ORGANIZATIONNAME = "Drew Franz";
				TargetAttributes = {
					05BF9DD32500115800641427 = {
						CreatedOnToolsVersion = 11.6;
					};
				};
			};
			buildConfigurationList = 05BF9DCF2500115800641427 /* Build configuration list for PBXProject "Note Taker" */;
			compatibilityVersion = "Xcode 9.3";
			developmentRegion = en;
			hasScannedForEncodings = 0;
			knownRegions = (
				en,
				Base,
			);
			mainGroup = 05BF9DCB2500115800641427;
			productRefGroup = 05BF9DD52500115800641427 /* Products */;
			projectDirPath = "";
			projectRoot = "";
			targets = (
				05BF9DD32500115800641427 /* Note Taker */,
			);
		};
/* End PBXProject section */

/* Begin PBXResourcesBuildPhase section */
		05BF9DD22500115800641427 /* Resources */ = {
			isa = PBXResourcesBuildPhase;
			buildActionMask = 2147483647;
			files = (
				05BF9DE42500115B00641427 /* LaunchScreen.storyboard in Resources */,
				05BF9DE12500115B00641427 /* Assets.xcassets in Resources */,
				05BF9DDF2500115800641427 /* Main.storyboard in Resources */,
			);
			runOnlyForDeploymentPostprocessing = 0;
		};
/* End PBXResourcesBuildPhase section */

/* Begin PBXSourcesBuildPhase section */
		05BF9DD02500115800641427 /* Sources */ = {
			isa = PBXSourcesBuildPhase;
			buildActionMask = 2147483647;
			files = (
				05CE01B425018E7A003260CD /* NoteViewController.swift in Sources */,
				05CE01B82501C1FF003260CD /* Note+CoreDataProperties.swift in Sources */,
				05BF9DDC2500115800641427 /* ViewController.swift in Sources */,
				052F199F250052FD00847BBF /* NoteTaker.xcdatamodeld in Sources */,
				05CE01B72501C1FF003260CD /* Note+CoreDataClass.swift in Sources */,
				05BF9DD82500115800641427 /* AppDelegate.swift in Sources */,
				05BF9DDA2500115800641427 /* SceneDelegate.swift in Sources */,
			);
			runOnlyForDeploymentPostprocessing = 0;
		};
/* End PBXSourcesBuildPhase section */

/* Begin PBXVariantGroup section */
		05BF9DDD2500115800641427 /* Main.storyboard */ = {
			isa = PBXVariantGroup;
			children = (
				05BF9DDE2500115800641427 /* Base */,
			);
			name = Main.storyboard;
			sourceTree = "<group>";
		};
		05BF9DE22500115B00641427 /* LaunchScreen.storyboard */ = {
			isa = PBXVariantGroup;
			children = (
				05BF9DE32500115B00641427 /* Base */,
			);
			name = LaunchScreen.storyboard;
			sourceTree = "<group>";
		};
/* End PBXVariantGroup section */

/* Begin XCBuildConfiguration section */
		05BF9DE62500115B00641427 /* Debug */ = {
			isa = XCBuildConfiguration;
			buildSettings = {
				ALWAYS_SEARCH_USER_PATHS = NO;
				CLANG_ANALYZER_NONNULL = YES;
				CLANG_ANALYZER_NUMBER_OBJECT_CONVERSION = YES_AGGRESSIVE;
				CLANG_CXX_LANGUAGE_STANDARD = "gnu++14";
				CLANG_CXX_LIBRARY = "libc++";
				CLANG_ENABLE_MODULES = YES;
				CLANG_ENABLE_OBJC_ARC = YES;
				CLANG_ENABLE_OBJC_WEAK = YES;
				CLANG_WARN_BLOCK_CAPTURE_AUTORELEASING = YES;
				CLANG_WARN_BOOL_CONVERSION = YES;
				CLANG_WARN_COMMA = YES;
				CLANG_WARN_CONSTANT_CONVERSION = YES;
				CLANG_WARN_DEPRECATED_OBJC_IMPLEMENTATIONS = YES;
				CLANG_WARN_DIRECT_OBJC_ISA_USAGE = YES_ERROR;
				CLANG_WARN_DOCUMENTATION_COMMENTS = YES;
				CLANG_WARN_EMPTY_BODY = YES;
				CLANG_WARN_ENUM_CONVERSION = YES;
				CLANG_WARN_INFINITE_RECURSION = YES;
				CLANG_WARN_INT_CONVERSION = YES;
				CLANG_WARN_NON_LITERAL_NULL_CONVERSION = YES;
				CLANG_WARN_OBJC_IMPLICIT_RETAIN_SELF = YES;
				CLANG_WARN_OBJC_LITERAL_CONVERSION = YES;
				CLANG_WARN_OBJC_ROOT_CLASS = YES_ERROR;
				CLANG_WARN_QUOTED_INCLUDE_IN_FRAMEWORK_HEADER = YES;
				CLANG_WARN_RANGE_LOOP_ANALYSIS = YES;
				CLANG_WARN_STRICT_PROTOTYPES = YES;
				CLANG_WARN_SUSPICIOUS_MOVE = YES;
				CLANG_WARN_UNGUARDED_AVAILABILITY = YES_AGGRESSIVE;
				CLANG_WARN_UNREACHABLE_CODE = YES;
				CLANG_WARN__DUPLICATE_METHOD_MATCH = YES;
				COPY_PHASE_STRIP = NO;
				DEBUG_INFORMATION_FORMAT = dwarf;
				ENABLE_STRICT_OBJC_MSGSEND = YES;
				ENABLE_TESTABILITY = YES;
				GCC_C_LANGUAGE_STANDARD = gnu11;
				GCC_DYNAMIC_NO_PIC = NO;
				GCC_NO_COMMON_BLOCKS = YES;
				GCC_OPTIMIZATION_LEVEL = 0;
				GCC_PREPROCESSOR_DEFINITIONS = (
					"DEBUG=1",
					"$(inherited)",
				);
				GCC_WARN_64_TO_32_BIT_CONVERSION = YES;
				GCC_WARN_ABOUT_RETURN_TYPE = YES_ERROR;
				GCC_WARN_UNDECLARED_SELECTOR = YES;
				GCC_WARN_UNINITIALIZED_AUTOS = YES_AGGRESSIVE;
				GCC_WARN_UNUSED_FUNCTION = YES;
				GCC_WARN_UNUSED_VARIABLE = YES;
				IPHONEOS_DEPLOYMENT_TARGET = 14.0;
				MTL_ENABLE_DEBUG_INFO = INCLUDE_SOURCE;
				MTL_FAST_MATH = YES;
				ONLY_ACTIVE_ARCH = YES;
				SDKROOT = iphoneos;
				SWIFT_ACTIVE_COMPILATION_CONDITIONS = DEBUG;
				SWIFT_OPTIMIZATION_LEVEL = "-Onone";
			};
			name = Debug;
		};
		05BF9DE72500115B00641427 /* Release */ = {
			isa = XCBuildConfiguration;
			buildSettings = {
				ALWAYS_SEARCH_USER_PATHS = NO;
				CLANG_ANALYZER_NONNULL = YES;
				CLANG_ANALYZER_NUMBER_OBJECT_CONVERSION = YES_AGGRESSIVE;
				CLANG_CXX_LANGUAGE_STANDARD = "gnu++14";
				CLANG_CXX_LIBRARY = "libc++";
				CLANG_ENABLE_MODULES = YES;
				CLANG_ENABLE_OBJC_ARC = YES;
				CLANG_ENABLE_OBJC_WEAK = YES;
				CLANG_WARN_BLOCK_CAPTURE_AUTORELEASING = YES;
				CLANG_WARN_BOOL_CONVERSION = YES;
				CLANG_WARN_COMMA = YES;
				CLANG_WARN_CONSTANT_CONVERSION = YES;
				CLANG_WARN_DEPRECATED_OBJC_IMPLEMENTATIONS = YES;
				CLANG_WARN_DIRECT_OBJC_ISA_USAGE = YES_ERROR;
				CLANG_WARN_DOCUMENTATION_COMMENTS = YES;
				CLANG_WARN_EMPTY_BODY = YES;
				CLANG_WARN_ENUM_CONVERSION = YES;
				CLANG_WARN_INFINITE_RECURSION = YES;
				CLANG_WARN_INT_CONVERSION = YES;
				CLANG_WARN_NON_LITERAL_NULL_CONVERSION = YES;
				CLANG_WARN_OBJC_IMPLICIT_RETAIN_SELF = YES;
				CLANG_WARN_OBJC_LITERAL_CONVERSION = YES;
				CLANG_WARN_OBJC_ROOT_CLASS = YES_ERROR;
				CLANG_WARN_QUOTED_INCLUDE_IN_FRAMEWORK_HEADER = YES;
				CLANG_WARN_RANGE_LOOP_ANALYSIS = YES;
				CLANG_WARN_STRICT_PROTOTYPES = YES;
				CLANG_WARN_SUSPICIOUS_MOVE = YES;
				CLANG_WARN_UNGUARDED_AVAILABILITY = YES_AGGRESSIVE;
				CLANG_WARN_UNREACHABLE_CODE = YES;
				CLANG_WARN__DUPLICATE_METHOD_MATCH = YES;
				COPY_PHASE_STRIP = NO;
				DEBUG_INFORMATION_FORMAT = "dwarf-with-dsym";
				ENABLE_NS_ASSERTIONS = NO;
				ENABLE_STRICT_OBJC_MSGSEND = YES;
				GCC_C_LANGUAGE_STANDARD = gnu11;
				GCC_NO_COMMON_BLOCKS = YES;
				GCC_WARN_64_TO_32_BIT_CONVERSION = YES;
				GCC_WARN_ABOUT_RETURN_TYPE = YES_ERROR;
				GCC_WARN_UNDECLARED_SELECTOR = YES;
				GCC_WARN_UNINITIALIZED_AUTOS = YES_AGGRESSIVE;
				GCC_WARN_UNUSED_FUNCTION = YES;
				GCC_WARN_UNUSED_VARIABLE = YES;
				IPHONEOS_DEPLOYMENT_TARGET = 14.0;
				MTL_ENABLE_DEBUG_INFO = NO;
				MTL_FAST_MATH = YES;
				SDKROOT = iphoneos;
				SWIFT_COMPILATION_MODE = wholemodule;
				SWIFT_OPTIMIZATION_LEVEL = "-O";
				VALIDATE_PRODUCT = YES;
			};
			name = Release;
		};
		05BF9DE92500115B00641427 /* Debug */ = {
			isa = XCBuildConfiguration;
			buildSettings = {
				ASSETCATALOG_COMPILER_APPICON_NAME = AppIcon;
				CODE_SIGN_STYLE = Automatic;
				DEVELOPMENT_TEAM = 84NSNVGDUA;
				INFOPLIST_FILE = "Note Taker/Info.plist";
				LD_RUNPATH_SEARCH_PATHS = (
					"$(inherited)",
					"@executable_path/Frameworks",
				);
				PRODUCT_BUNDLE_IDENTIFIER = "com.drewfranz.Note-Taker";
				PRODUCT_NAME = "$(TARGET_NAME)";
				SWIFT_VERSION = 5.0;
				TARGETED_DEVICE_FAMILY = 1;
			};
			name = Debug;
		};
		05BF9DEA2500115B00641427 /* Release */ = {
			isa = XCBuildConfiguration;
			buildSettings = {
				ASSETCATALOG_COMPILER_APPICON_NAME = AppIcon;
				CODE_SIGN_STYLE = Automatic;
				DEVELOPMENT_TEAM = 84NSNVGDUA;
				INFOPLIST_FILE = "Note Taker/Info.plist";
				LD_RUNPATH_SEARCH_PATHS = (
					"$(inherited)",
					"@executable_path/Frameworks",
				);
				PRODUCT_BUNDLE_IDENTIFIER = "com.drewfranz.Note-Taker";
				PRODUCT_NAME = "$(TARGET_NAME)";
				SWIFT_VERSION = 5.0;
				TARGETED_DEVICE_FAMILY = 1;
			};
			name = Release;
		};
/* End XCBuildConfiguration section */

/* Begin XCConfigurationList section */
		05BF9DCF2500115800641427 /* Build configuration list for PBXProject "Note Taker" */ = {
			isa = XCConfigurationList;
			buildConfigurations = (
				05BF9DE62500115B00641427 /* Debug */,
				05BF9DE72500115B00641427 /* Release */,
			);
			defaultConfigurationIsVisible = 0;
			defaultConfigurationName = Release;
		};
		05BF9DE82500115B00641427 /* Build configuration list for PBXNativeTarget "Note Taker" */ = {
			isa = XCConfigurationList;
			buildConfigurations = (
				05BF9DE92500115B00641427 /* Debug */,
				05BF9DEA2500115B00641427 /* Release */,
			);
			defaultConfigurationIsVisible = 0;
			defaultConfigurationName = Release;
		};
/* End XCConfigurationList section */

/* Begin XCVersionGroup section */
		052F199D250052FD00847BBF /* NoteTaker.xcdatamodeld */ = {
			isa = XCVersionGroup;
			children = (
				052F199E250052FD00847BBF /* NoteTaker.xcdatamodel */,
			);
			currentVersion = 052F199E250052FD00847BBF /* NoteTaker.xcdatamodel */;
			path = NoteTaker.xcdatamodeld;
			sourceTree = "<group>";
			versionGroupType = wrapper.xcdatamodel;
		};
/* End XCVersionGroup section */
	};
	rootObject = 05BF9DCC2500115800641427 /* Project object */;
}
